// !$*UTF8*$!
{
	archiveVersion = 1;
	classes = {
	};
	objectVersion = 56;
	objects = {

/* Begin PBXBuildFile section */
		BE2C1A032B399A91004C5FC4 /* Task+CoreDataClass.swift in Sources */ = {isa = PBXBuildFile; fileRef = BE2C19F92B399A91004C5FC4 /* Task+CoreDataClass.swift */; };
		BE2C1A042B399A91004C5FC4 /* Task+CoreDataProperties.swift in Sources */ = {isa = PBXBuildFile; fileRef = BE2C19FA2B399A91004C5FC4 /* Task+CoreDataProperties.swift */; };
		BE2C1A092B399A91004C5FC4 /* CounterId+CoreDataClass.swift in Sources */ = {isa = PBXBuildFile; fileRef = BE2C19FF2B399A91004C5FC4 /* CounterId+CoreDataClass.swift */; };
		BE2C1A0A2B399A91004C5FC4 /* CounterId+CoreDataProperties.swift in Sources */ = {isa = PBXBuildFile; fileRef = BE2C1A002B399A91004C5FC4 /* CounterId+CoreDataProperties.swift */; };
		BE2C1A0F2B39A6CE004C5FC4 /* Answer+CoreDataClass.swift in Sources */ = {isa = PBXBuildFile; fileRef = BE2C1A0D2B39A6CE004C5FC4 /* Answer+CoreDataClass.swift */; };
		BE2C1A102B39A6CE004C5FC4 /* Answer+CoreDataProperties.swift in Sources */ = {isa = PBXBuildFile; fileRef = BE2C1A0E2B39A6CE004C5FC4 /* Answer+CoreDataProperties.swift */; };
		BE2C1A1B2B3CACA8004C5FC4 /* InfoUser+CoreDataClass.swift in Sources */ = {isa = PBXBuildFile; fileRef = BE2C1A192B3CACA8004C5FC4 /* InfoUser+CoreDataClass.swift */; };
		BE2C1A1C2B3CACA8004C5FC4 /* InfoUser+CoreDataProperties.swift in Sources */ = {isa = PBXBuildFile; fileRef = BE2C1A1A2B3CACA8004C5FC4 /* InfoUser+CoreDataProperties.swift */; };
		BE36513E2B3DF62900C9A960 /* AddNewTaskView.swift in Sources */ = {isa = PBXBuildFile; fileRef = BE36513D2B3DF62900C9A960 /* AddNewTaskView.swift */; };
		BE3651412B3EDB1E00C9A960 /* TaskContain+CoreDataClass.swift in Sources */ = {isa = PBXBuildFile; fileRef = BE36513F2B3EDB1E00C9A960 /* TaskContain+CoreDataClass.swift */; };
		BE3651422B3EDB1E00C9A960 /* TaskContain+CoreDataProperties.swift in Sources */ = {isa = PBXBuildFile; fileRef = BE3651402B3EDB1E00C9A960 /* TaskContain+CoreDataProperties.swift */; };
		BE94F0422B31E3E900946AE6 /* HealthyMindApp.swift in Sources */ = {isa = PBXBuildFile; fileRef = BE94F0412B31E3E900946AE6 /* HealthyMindApp.swift */; };
		BE94F0442B31E3E900946AE6 /* Persistence.swift in Sources */ = {isa = PBXBuildFile; fileRef = BE94F0432B31E3E900946AE6 /* Persistence.swift */; };
		BE94F0472B31E3E900946AE6 /* HealthyMind.xcdatamodeld in Sources */ = {isa = PBXBuildFile; fileRef = BE94F0452B31E3E900946AE6 /* HealthyMind.xcdatamodeld */; };
		BE94F04B2B31E3EB00946AE6 /* Assets.xcassets in Resources */ = {isa = PBXBuildFile; fileRef = BE94F04A2B31E3EB00946AE6 /* Assets.xcassets */; };
		BE94F04F2B31E3EB00946AE6 /* Preview Assets.xcassets in Resources */ = {isa = PBXBuildFile; fileRef = BE94F04E2B31E3EB00946AE6 /* Preview Assets.xcassets */; };
		BE94F05D2B31E42400946AE6 /* CalendarView.swift in Sources */ = {isa = PBXBuildFile; fileRef = BE94F0552B31E42300946AE6 /* CalendarView.swift */; };
		BE94F05E2B31E42400946AE6 /* CalendarCreate.swift in Sources */ = {isa = PBXBuildFile; fileRef = BE94F0562B31E42400946AE6 /* CalendarCreate.swift */; };
		BE94F05F2B31E42400946AE6 /* AddView.swift in Sources */ = {isa = PBXBuildFile; fileRef = BE94F0572B31E42400946AE6 /* AddView.swift */; };
		BE94F0602B31E42400946AE6 /* exemple.swift in Sources */ = {isa = PBXBuildFile; fileRef = BE94F0582B31E42400946AE6 /* exemple.swift */; };
		BE94F0622B31E42400946AE6 /* TaskView.swift in Sources */ = {isa = PBXBuildFile; fileRef = BE94F05A2B31E42400946AE6 /* TaskView.swift */; };
		BE94F0632B31E42400946AE6 /* font in Resources */ = {isa = PBXBuildFile; fileRef = BE94F05B2B31E42400946AE6 /* font */; };
		BE94F0642B31E42400946AE6 /* ContentView.swift in Sources */ = {isa = PBXBuildFile; fileRef = BE94F05C2B31E42400946AE6 /* ContentView.swift */; };
/* End PBXBuildFile section */

/* Begin PBXFileReference section */
		BE2C19F92B399A91004C5FC4 /* Task+CoreDataClass.swift */ = {isa = PBXFileReference; lastKnownFileType = sourcecode.swift; path = "Task+CoreDataClass.swift"; sourceTree = "<group>"; };
		BE2C19FA2B399A91004C5FC4 /* Task+CoreDataProperties.swift */ = {isa = PBXFileReference; lastKnownFileType = sourcecode.swift; path = "Task+CoreDataProperties.swift"; sourceTree = "<group>"; };
		BE2C19FF2B399A91004C5FC4 /* CounterId+CoreDataClass.swift */ = {isa = PBXFileReference; lastKnownFileType = sourcecode.swift; path = "CounterId+CoreDataClass.swift"; sourceTree = "<group>"; };
		BE2C1A002B399A91004C5FC4 /* CounterId+CoreDataProperties.swift */ = {isa = PBXFileReference; lastKnownFileType = sourcecode.swift; path = "CounterId+CoreDataProperties.swift"; sourceTree = "<group>"; };
		BE2C1A0D2B39A6CE004C5FC4 /* Answer+CoreDataClass.swift */ = {isa = PBXFileReference; lastKnownFileType = sourcecode.swift; path = "Answer+CoreDataClass.swift"; sourceTree = "<group>"; };
		BE2C1A0E2B39A6CE004C5FC4 /* Answer+CoreDataProperties.swift */ = {isa = PBXFileReference; lastKnownFileType = sourcecode.swift; path = "Answer+CoreDataProperties.swift"; sourceTree = "<group>"; };
		BE2C1A192B3CACA8004C5FC4 /* InfoUser+CoreDataClass.swift */ = {isa = PBXFileReference; lastKnownFileType = sourcecode.swift; path = "InfoUser+CoreDataClass.swift"; sourceTree = "<group>"; };
		BE2C1A1A2B3CACA8004C5FC4 /* InfoUser+CoreDataProperties.swift */ = {isa = PBXFileReference; lastKnownFileType = sourcecode.swift; path = "InfoUser+CoreDataProperties.swift"; sourceTree = "<group>"; };
		BE36513D2B3DF62900C9A960 /* AddNewTaskView.swift */ = {isa = PBXFileReference; lastKnownFileType = sourcecode.swift; path = AddNewTaskView.swift; sourceTree = "<group>"; };
		BE36513F2B3EDB1E00C9A960 /* TaskContain+CoreDataClass.swift */ = {isa = PBXFileReference; lastKnownFileType = sourcecode.swift; path = "TaskContain+CoreDataClass.swift"; sourceTree = "<group>"; };
		BE3651402B3EDB1E00C9A960 /* TaskContain+CoreDataProperties.swift */ = {isa = PBXFileReference; lastKnownFileType = sourcecode.swift; path = "TaskContain+CoreDataProperties.swift"; sourceTree = "<group>"; };
		BE94F03E2B31E3E800946AE6 /* HealthyMind.app */ = {isa = PBXFileReference; explicitFileType = wrapper.application; includeInIndex = 0; path = HealthyMind.app; sourceTree = BUILT_PRODUCTS_DIR; };
		BE94F0412B31E3E900946AE6 /* HealthyMindApp.swift */ = {isa = PBXFileReference; lastKnownFileType = sourcecode.swift; path = HealthyMindApp.swift; sourceTree = "<group>"; };
		BE94F0432B31E3E900946AE6 /* Persistence.swift */ = {isa = PBXFileReference; lastKnownFileType = sourcecode.swift; path = Persistence.swift; sourceTree = "<group>"; };
		BE94F0462B31E3E900946AE6 /* HealthyMind.xcdatamodel */ = {isa = PBXFileReference; lastKnownFileType = wrapper.xcdatamodel; path = HealthyMind.xcdatamodel; sourceTree = "<group>"; };
		BE94F04A2B31E3EB00946AE6 /* Assets.xcassets */ = {isa = PBXFileReference; lastKnownFileType = folder.assetcatalog; path = Assets.xcassets; sourceTree = "<group>"; };
		BE94F04C2B31E3EB00946AE6 /* HealthyMind.entitlements */ = {isa = PBXFileReference; lastKnownFileType = text.plist.entitlements; path = HealthyMind.entitlements; sourceTree = "<group>"; };
		BE94F04E2B31E3EB00946AE6 /* Preview Assets.xcassets */ = {isa = PBXFileReference; lastKnownFileType = folder.assetcatalog; path = "Preview Assets.xcassets"; sourceTree = "<group>"; };
		BE94F0552B31E42300946AE6 /* CalendarView.swift */ = {isa = PBXFileReference; fileEncoding = 4; lastKnownFileType = sourcecode.swift; path = CalendarView.swift; sourceTree = "<group>"; };
		BE94F0562B31E42400946AE6 /* CalendarCreate.swift */ = {isa = PBXFileReference; fileEncoding = 4; lastKnownFileType = sourcecode.swift; path = CalendarCreate.swift; sourceTree = "<group>"; };
		BE94F0572B31E42400946AE6 /* AddView.swift */ = {isa = PBXFileReference; fileEncoding = 4; lastKnownFileType = sourcecode.swift; path = AddView.swift; sourceTree = "<group>"; };
		BE94F0582B31E42400946AE6 /* exemple.swift */ = {isa = PBXFileReference; fileEncoding = 4; lastKnownFileType = sourcecode.swift; path = exemple.swift; sourceTree = "<group>"; };
		BE94F05A2B31E42400946AE6 /* TaskView.swift */ = {isa = PBXFileReference; fileEncoding = 4; lastKnownFileType = sourcecode.swift; path = TaskView.swift; sourceTree = "<group>"; };
		BE94F05B2B31E42400946AE6 /* font */ = {isa = PBXFileReference; lastKnownFileType = folder; path = font; sourceTree = "<group>"; };
		BE94F05C2B31E42400946AE6 /* ContentView.swift */ = {isa = PBXFileReference; fileEncoding = 4; lastKnownFileType = sourcecode.swift; name = ContentView.swift; path = ../../MentalHealth/MentalHealth/ContentView.swift; sourceTree = "<group>"; };
		BE94F0672B31E5F800946AE6 /* Info.plist */ = {isa = PBXFileReference; fileEncoding = 4; lastKnownFileType = text.plist.xml; path = Info.plist; sourceTree = "<group>"; };
/* End PBXFileReference section */

/* Begin PBXFrameworksBuildPhase section */
		BE94F03B2B31E3E800946AE6 /* Frameworks */ = {
			isa = PBXFrameworksBuildPhase;
			buildActionMask = 2147483647;
			files = (
			);
			runOnlyForDeploymentPostprocessing = 0;
		};
/* End PBXFrameworksBuildPhase section */

/* Begin PBXGroup section */
		BE94F0352B31E3E800946AE6 = {
			isa = PBXGroup;
			children = (
				BE94F0402B31E3E900946AE6 /* HealthyMind */,
				BE94F03F2B31E3E800946AE6 /* Products */,
			);
			sourceTree = "<group>";
		};
		BE94F03F2B31E3E800946AE6 /* Products */ = {
			isa = PBXGroup;
			children = (
				BE94F03E2B31E3E800946AE6 /* HealthyMind.app */,
			);
			name = Products;
			sourceTree = "<group>";
		};
		BE94F0402B31E3E900946AE6 /* HealthyMind */ = {
			isa = PBXGroup;
			children = (
				BEF914582B37084900E4164A /* data */,
				BE94F0412B31E3E900946AE6 /* HealthyMindApp.swift */,
				BE94F0432B31E3E900946AE6 /* Persistence.swift */,
				BE94F0572B31E42400946AE6 /* AddView.swift */,
				BE36513D2B3DF62900C9A960 /* AddNewTaskView.swift */,
				BE94F05A2B31E42400946AE6 /* TaskView.swift */,
				BE94F0562B31E42400946AE6 /* CalendarCreate.swift */,
				BE94F0552B31E42300946AE6 /* CalendarView.swift */,
				BE94F05C2B31E42400946AE6 /* ContentView.swift */,
				BE94F0582B31E42400946AE6 /* exemple.swift */,
				BE94F05B2B31E42400946AE6 /* font */,
				BE94F04A2B31E3EB00946AE6 /* Assets.xcassets */,
				BE94F04C2B31E3EB00946AE6 /* HealthyMind.entitlements */,
				BE94F0672B31E5F800946AE6 /* Info.plist */,
				BE94F0452B31E3E900946AE6 /* HealthyMind.xcdatamodeld */,
				BE94F04D2B31E3EB00946AE6 /* Preview Content */,
			);
			path = HealthyMind;
			sourceTree = "<group>";
		};
		BE94F04D2B31E3EB00946AE6 /* Preview Content */ = {
			isa = PBXGroup;
			children = (
				BE94F04E2B31E3EB00946AE6 /* Preview Assets.xcassets */,
			);
			path = "Preview Content";
			sourceTree = "<group>";
		};
		BEF914582B37084900E4164A /* data */ = {
			isa = PBXGroup;
			children = (
				BE2C1A192B3CACA8004C5FC4 /* InfoUser+CoreDataClass.swift */,
				BE2C1A1A2B3CACA8004C5FC4 /* InfoUser+CoreDataProperties.swift */,
				BE2C1A0D2B39A6CE004C5FC4 /* Answer+CoreDataClass.swift */,
				BE2C1A0E2B39A6CE004C5FC4 /* Answer+CoreDataProperties.swift */,
				BE2C19F92B399A91004C5FC4 /* Task+CoreDataClass.swift */,
				BE2C19FA2B399A91004C5FC4 /* Task+CoreDataProperties.swift */,
				BE36513F2B3EDB1E00C9A960 /* TaskContain+CoreDataClass.swift */,
				BE3651402B3EDB1E00C9A960 /* TaskContain+CoreDataProperties.swift */,
				BE2C19FF2B399A91004C5FC4 /* CounterId+CoreDataClass.swift */,
				BE2C1A002B399A91004C5FC4 /* CounterId+CoreDataProperties.swift */,
			);
			path = data;
			sourceTree = "<group>";
		};
/* End PBXGroup section */

/* Begin PBXNativeTarget section */
		BE94F03D2B31E3E800946AE6 /* HealthyMind */ = {
			isa = PBXNativeTarget;
			buildConfigurationList = BE94F0522B31E3EB00946AE6 /* Build configuration list for PBXNativeTarget "HealthyMind" */;
			buildPhases = (
				BE94F03A2B31E3E800946AE6 /* Sources */,
				BE94F03B2B31E3E800946AE6 /* Frameworks */,
				BE94F03C2B31E3E800946AE6 /* Resources */,
			);
			buildRules = (
			);
			dependencies = (
			);
			name = HealthyMind;
			productName = HealthyMind;
			productReference = BE94F03E2B31E3E800946AE6 /* HealthyMind.app */;
			productType = "com.apple.product-type.application";
		};
/* End PBXNativeTarget section */

/* Begin PBXProject section */
		BE94F0362B31E3E800946AE6 /* Project object */ = {
			isa = PBXProject;
			attributes = {
				BuildIndependentTargetsInParallel = 1;
				LastSwiftUpdateCheck = 1510;
				LastUpgradeCheck = 1510;
				TargetAttributes = {
					BE94F03D2B31E3E800946AE6 = {
						CreatedOnToolsVersion = 15.1;
					};
				};
			};
			buildConfigurationList = BE94F0392B31E3E800946AE6 /* Build configuration list for PBXProject "HealthyMind" */;
			compatibilityVersion = "Xcode 14.0";
			developmentRegion = en;
			hasScannedForEncodings = 0;
			knownRegions = (
				en,
				Base,
			);
			mainGroup = BE94F0352B31E3E800946AE6;
			productRefGroup = BE94F03F2B31E3E800946AE6 /* Products */;
			projectDirPath = "";
			projectRoot = "";
			targets = (
				BE94F03D2B31E3E800946AE6 /* HealthyMind */,
			);
		};
/* End PBXProject section */

/* Begin PBXResourcesBuildPhase section */
		BE94F03C2B31E3E800946AE6 /* Resources */ = {
			isa = PBXResourcesBuildPhase;
			buildActionMask = 2147483647;
			files = (
				BE94F0632B31E42400946AE6 /* font in Resources */,
				BE94F04F2B31E3EB00946AE6 /* Preview Assets.xcassets in Resources */,
				BE94F04B2B31E3EB00946AE6 /* Assets.xcassets in Resources */,
			);
			runOnlyForDeploymentPostprocessing = 0;
		};
/* End PBXResourcesBuildPhase section */

/* Begin PBXSourcesBuildPhase section */
		BE94F03A2B31E3E800946AE6 /* Sources */ = {
			isa = PBXSourcesBuildPhase;
			buildActionMask = 2147483647;
			files = (
				BE36513E2B3DF62900C9A960 /* AddNewTaskView.swift in Sources */,
				BE2C1A1C2B3CACA8004C5FC4 /* InfoUser+CoreDataProperties.swift in Sources */,
				BE94F0602B31E42400946AE6 /* exemple.swift in Sources */,
				BE2C1A102B39A6CE004C5FC4 /* Answer+CoreDataProperties.swift in Sources */,
				BE94F0642B31E42400946AE6 /* ContentView.swift in Sources */,
				BE2C1A0F2B39A6CE004C5FC4 /* Answer+CoreDataClass.swift in Sources */,
				BE94F05F2B31E42400946AE6 /* AddView.swift in Sources */,
				BE2C1A1B2B3CACA8004C5FC4 /* InfoUser+CoreDataClass.swift in Sources */,
				BE94F05D2B31E42400946AE6 /* CalendarView.swift in Sources */,
				BE3651422B3EDB1E00C9A960 /* TaskContain+CoreDataProperties.swift in Sources */,
				BE2C1A042B399A91004C5FC4 /* Task+CoreDataProperties.swift in Sources */,
				BE94F0622B31E42400946AE6 /* TaskView.swift in Sources */,
				BE2C1A092B399A91004C5FC4 /* CounterId+CoreDataClass.swift in Sources */,
				BE94F0422B31E3E900946AE6 /* HealthyMindApp.swift in Sources */,
				BE2C1A032B399A91004C5FC4 /* Task+CoreDataClass.swift in Sources */,
				BE94F0472B31E3E900946AE6 /* HealthyMind.xcdatamodeld in Sources */,
				BE2C1A0A2B399A91004C5FC4 /* CounterId+CoreDataProperties.swift in Sources */,
				BE94F0442B31E3E900946AE6 /* Persistence.swift in Sources */,
				BE3651412B3EDB1E00C9A960 /* TaskContain+CoreDataClass.swift in Sources */,
				BE94F05E2B31E42400946AE6 /* CalendarCreate.swift in Sources */,
			);
			runOnlyForDeploymentPostprocessing = 0;
		};
/* End PBXSourcesBuildPhase section */

/* Begin XCBuildConfiguration section */
		BE94F0502B31E3EB00946AE6 /* Debug */ = {
			isa = XCBuildConfiguration;
			buildSettings = {
				ALWAYS_SEARCH_USER_PATHS = NO;
				ASSETCATALOG_COMPILER_GENERATE_SWIFT_ASSET_SYMBOL_EXTENSIONS = YES;
				CLANG_ANALYZER_NONNULL = YES;
				CLANG_ANALYZER_NUMBER_OBJECT_CONVERSION = YES_AGGRESSIVE;
				CLANG_CXX_LANGUAGE_STANDARD = "gnu++20";
				CLANG_ENABLE_MODULES = YES;
				CLANG_ENABLE_OBJC_ARC = YES;
				CLANG_ENABLE_OBJC_WEAK = YES;
				CLANG_WARN_BLOCK_CAPTURE_AUTORELEASING = YES;
				CLANG_WARN_BOOL_CONVERSION = YES;
				CLANG_WARN_COMMA = YES;
				CLANG_WARN_CONSTANT_CONVERSION = YES;
				CLANG_WARN_DEPRECATED_OBJC_IMPLEMENTATIONS = YES;
				CLANG_WARN_DIRECT_OBJC_ISA_USAGE = YES_ERROR;
				CLANG_WARN_DOCUMENTATION_COMMENTS = YES;
				CLANG_WARN_EMPTY_BODY = YES;
				CLANG_WARN_ENUM_CONVERSION = YES;
				CLANG_WARN_INFINITE_RECURSION = YES;
				CLANG_WARN_INT_CONVERSION = YES;
				CLANG_WARN_NON_LITERAL_NULL_CONVERSION = YES;
				CLANG_WARN_OBJC_IMPLICIT_RETAIN_SELF = YES;
				CLANG_WARN_OBJC_LITERAL_CONVERSION = YES;
				CLANG_WARN_OBJC_ROOT_CLASS = YES_ERROR;
				CLANG_WARN_QUOTED_INCLUDE_IN_FRAMEWORK_HEADER = YES;
				CLANG_WARN_RANGE_LOOP_ANALYSIS = YES;
				CLANG_WARN_STRICT_PROTOTYPES = YES;
				CLANG_WARN_SUSPICIOUS_MOVE = YES;
				CLANG_WARN_UNGUARDED_AVAILABILITY = YES_AGGRESSIVE;
				CLANG_WARN_UNREACHABLE_CODE = YES;
				CLANG_WARN__DUPLICATE_METHOD_MATCH = YES;
				COPY_PHASE_STRIP = NO;
				DEBUG_INFORMATION_FORMAT = dwarf;
				ENABLE_STRICT_OBJC_MSGSEND = YES;
				ENABLE_TESTABILITY = YES;
				ENABLE_USER_SCRIPT_SANDBOXING = YES;
				GCC_C_LANGUAGE_STANDARD = gnu17;
				GCC_DYNAMIC_NO_PIC = NO;
				GCC_NO_COMMON_BLOCKS = YES;
				GCC_OPTIMIZATION_LEVEL = 0;
				GCC_PREPROCESSOR_DEFINITIONS = (
					"DEBUG=1",
					"$(inherited)",
				);
				GCC_WARN_64_TO_32_BIT_CONVERSION = YES;
				GCC_WARN_ABOUT_RETURN_TYPE = YES_ERROR;
				GCC_WARN_UNDECLARED_SELECTOR = YES;
				GCC_WARN_UNINITIALIZED_AUTOS = YES_AGGRESSIVE;
				GCC_WARN_UNUSED_FUNCTION = YES;
				GCC_WARN_UNUSED_VARIABLE = YES;
				LOCALIZATION_PREFERS_STRING_CATALOGS = YES;
				MTL_ENABLE_DEBUG_INFO = INCLUDE_SOURCE;
				MTL_FAST_MATH = YES;
				ONLY_ACTIVE_ARCH = YES;
				SWIFT_ACTIVE_COMPILATION_CONDITIONS = "DEBUG $(inherited)";
				SWIFT_OPTIMIZATION_LEVEL = "-Onone";
			};
			name = Debug;
		};
		BE94F0512B31E3EB00946AE6 /* Release */ = {
			isa = XCBuildConfiguration;
			buildSettings = {
				ALWAYS_SEARCH_USER_PATHS = NO;
				ASSETCATALOG_COMPILER_GENERATE_SWIFT_ASSET_SYMBOL_EXTENSIONS = YES;
				CLANG_ANALYZER_NONNULL = YES;
				CLANG_ANALYZER_NUMBER_OBJECT_CONVERSION = YES_AGGRESSIVE;
				CLANG_CXX_LANGUAGE_STANDARD = "gnu++20";
				CLANG_ENABLE_MODULES = YES;
				CLANG_ENABLE_OBJC_ARC = YES;
				CLANG_ENABLE_OBJC_WEAK = YES;
				CLANG_WARN_BLOCK_CAPTURE_AUTORELEASING = YES;
				CLANG_WARN_BOOL_CONVERSION = YES;
				CLANG_WARN_COMMA = YES;
				CLANG_WARN_CONSTANT_CONVERSION = YES;
				CLANG_WARN_DEPRECATED_OBJC_IMPLEMENTATIONS = YES;
				CLANG_WARN_DIRECT_OBJC_ISA_USAGE = YES_ERROR;
				CLANG_WARN_DOCUMENTATION_COMMENTS = YES;
				CLANG_WARN_EMPTY_BODY = YES;
				CLANG_WARN_ENUM_CONVERSION = YES;
				CLANG_WARN_INFINITE_RECURSION = YES;
				CLANG_WARN_INT_CONVERSION = YES;
				CLANG_WARN_NON_LITERAL_NULL_CONVERSION = YES;
				CLANG_WARN_OBJC_IMPLICIT_RETAIN_SELF = YES;
				CLANG_WARN_OBJC_LITERAL_CONVERSION = YES;
				CLANG_WARN_OBJC_ROOT_CLASS = YES_ERROR;
				CLANG_WARN_QUOTED_INCLUDE_IN_FRAMEWORK_HEADER = YES;
				CLANG_WARN_RANGE_LOOP_ANALYSIS = YES;
				CLANG_WARN_STRICT_PROTOTYPES = YES;
				CLANG_WARN_SUSPICIOUS_MOVE = YES;
				CLANG_WARN_UNGUARDED_AVAILABILITY = YES_AGGRESSIVE;
				CLANG_WARN_UNREACHABLE_CODE = YES;
				CLANG_WARN__DUPLICATE_METHOD_MATCH = YES;
				COPY_PHASE_STRIP = NO;
				DEBUG_INFORMATION_FORMAT = "dwarf-with-dsym";
				ENABLE_NS_ASSERTIONS = NO;
				ENABLE_STRICT_OBJC_MSGSEND = YES;
				ENABLE_USER_SCRIPT_SANDBOXING = YES;
				GCC_C_LANGUAGE_STANDARD = gnu17;
				GCC_NO_COMMON_BLOCKS = YES;
				GCC_WARN_64_TO_32_BIT_CONVERSION = YES;
				GCC_WARN_ABOUT_RETURN_TYPE = YES_ERROR;
				GCC_WARN_UNDECLARED_SELECTOR = YES;
				GCC_WARN_UNINITIALIZED_AUTOS = YES_AGGRESSIVE;
				GCC_WARN_UNUSED_FUNCTION = YES;
				GCC_WARN_UNUSED_VARIABLE = YES;
				LOCALIZATION_PREFERS_STRING_CATALOGS = YES;
				MTL_ENABLE_DEBUG_INFO = NO;
				MTL_FAST_MATH = YES;
				SWIFT_COMPILATION_MODE = wholemodule;
			};
			name = Release;
		};
		BE94F0532B31E3EB00946AE6 /* Debug */ = {
			isa = XCBuildConfiguration;
			buildSettings = {
				ASSETCATALOG_COMPILER_APPICON_NAME = AppIcon;
				ASSETCATALOG_COMPILER_GLOBAL_ACCENT_COLOR_NAME = AccentColor;
				CODE_SIGN_ENTITLEMENTS = HealthyMind/HealthyMind.entitlements;
				CODE_SIGN_STYLE = Automatic;
				CURRENT_PROJECT_VERSION = 1;
				DEVELOPMENT_ASSET_PATHS = "\"HealthyMind/Preview Content\"";
				DEVELOPMENT_TEAM = 3CJRW5RFTY;
				ENABLE_HARDENED_RUNTIME = YES;
				ENABLE_PREVIEWS = YES;
				GENERATE_INFOPLIST_FILE = YES;
				"INFOPLIST_KEY_UIApplicationSceneManifest_Generation[sdk=iphoneos*]" = YES;
				"INFOPLIST_KEY_UIApplicationSceneManifest_Generation[sdk=iphonesimulator*]" = YES;
				"INFOPLIST_KEY_UIApplicationSupportsIndirectInputEvents[sdk=iphoneos*]" = YES;
				"INFOPLIST_KEY_UIApplicationSupportsIndirectInputEvents[sdk=iphonesimulator*]" = YES;
				"INFOPLIST_KEY_UILaunchScreen_Generation[sdk=iphoneos*]" = YES;
				"INFOPLIST_KEY_UILaunchScreen_Generation[sdk=iphonesimulator*]" = YES;
				"INFOPLIST_KEY_UIStatusBarStyle[sdk=iphoneos*]" = UIStatusBarStyleDefault;
				"INFOPLIST_KEY_UIStatusBarStyle[sdk=iphonesimulator*]" = UIStatusBarStyleDefault;
				INFOPLIST_KEY_UISupportedInterfaceOrientations_iPad = "UIInterfaceOrientationPortrait UIInterfaceOrientationPortraitUpsideDown UIInterfaceOrientationLandscapeLeft UIInterfaceOrientationLandscapeRight";
				INFOPLIST_KEY_UISupportedInterfaceOrientations_iPhone = "UIInterfaceOrientationPortrait UIInterfaceOrientationLandscapeLeft UIInterfaceOrientationLandscapeRight";
				IPHONEOS_DEPLOYMENT_TARGET = 17.2;
				LD_RUNPATH_SEARCH_PATHS = "@executable_path/Frameworks";
				"LD_RUNPATH_SEARCH_PATHS[sdk=macosx*]" = "@executable_path/../Frameworks";
				MACOSX_DEPLOYMENT_TARGET = 14.1;
				MARKETING_VERSION = 1.0;
				PRODUCT_BUNDLE_IDENTIFIER = "Eva-Herson.HealthyMind";
				PRODUCT_NAME = "$(TARGET_NAME)";
				SDKROOT = auto;
				SUPPORTED_PLATFORMS = "iphoneos iphonesimulator macosx";
				SWIFT_EMIT_LOC_STRINGS = YES;
				SWIFT_VERSION = 5.0;
				TARGETED_DEVICE_FAMILY = "1,2";
			};
			name = Debug;
		};
		BE94F0542B31E3EB00946AE6 /* Release */ = {
			isa = XCBuildConfiguration;
			buildSettings = {
				ASSETCATALOG_COMPILER_APPICON_NAME = AppIcon;
				ASSETCATALOG_COMPILER_GLOBAL_ACCENT_COLOR_NAME = AccentColor;
				CODE_SIGN_ENTITLEMENTS = HealthyMind/HealthyMind.entitlements;
				CODE_SIGN_STYLE = Automatic;
				CURRENT_PROJECT_VERSION = 1;
				DEVELOPMENT_ASSET_PATHS = "\"HealthyMind/Preview Content\"";
				DEVELOPMENT_TEAM = 3CJRW5RFTY;
				ENABLE_HARDENED_RUNTIME = YES;
				ENABLE_PREVIEWS = YES;
				GENERATE_INFOPLIST_FILE = YES;
				"INFOPLIST_KEY_UIApplicationSceneManifest_Generation[sdk=iphoneos*]" = YES;
				"INFOPLIST_KEY_UIApplicationSceneManifest_Generation[sdk=iphonesimulator*]" = YES;
				"INFOPLIST_KEY_UIApplicationSupportsIndirectInputEvents[sdk=iphoneos*]" = YES;
				"INFOPLIST_KEY_UIApplicationSupportsIndirectInputEvents[sdk=iphonesimulator*]" = YES;
				"INFOPLIST_KEY_UILaunchScreen_Generation[sdk=iphoneos*]" = YES;
				"INFOPLIST_KEY_UILaunchScreen_Generation[sdk=iphonesimulator*]" = YES;
				"INFOPLIST_KEY_UIStatusBarStyle[sdk=iphoneos*]" = UIStatusBarStyleDefault;
				"INFOPLIST_KEY_UIStatusBarStyle[sdk=iphonesimulator*]" = UIStatusBarStyleDefault;
				INFOPLIST_KEY_UISupportedInterfaceOrientations_iPad = "UIInterfaceOrientationPortrait UIInterfaceOrientationPortraitUpsideDown UIInterfaceOrientationLandscapeLeft UIInterfaceOrientationLandscapeRight";
				INFOPLIST_KEY_UISupportedInterfaceOrientations_iPhone = "UIInterfaceOrientationPortrait UIInterfaceOrientationLandscapeLeft UIInterfaceOrientationLandscapeRight";
				IPHONEOS_DEPLOYMENT_TARGET = 17.2;
				LD_RUNPATH_SEARCH_PATHS = "@executable_path/Frameworks";
				"LD_RUNPATH_SEARCH_PATHS[sdk=macosx*]" = "@executable_path/../Frameworks";
				MACOSX_DEPLOYMENT_TARGET = 14.1;
				MARKETING_VERSION = 1.0;
				PRODUCT_BUNDLE_IDENTIFIER = "Eva-Herson.HealthyMind";
				PRODUCT_NAME = "$(TARGET_NAME)";
				SDKROOT = auto;
				SUPPORTED_PLATFORMS = "iphoneos iphonesimulator macosx";
				SWIFT_EMIT_LOC_STRINGS = YES;
				SWIFT_VERSION = 5.0;
				TARGETED_DEVICE_FAMILY = "1,2";
			};
			name = Release;
		};
/* End XCBuildConfiguration section */

/* Begin XCConfigurationList section */
		BE94F0392B31E3E800946AE6 /* Build configuration list for PBXProject "HealthyMind" */ = {
			isa = XCConfigurationList;
			buildConfigurations = (
				BE94F0502B31E3EB00946AE6 /* Debug */,
				BE94F0512B31E3EB00946AE6 /* Release */,
			);
			defaultConfigurationIsVisible = 0;
			defaultConfigurationName = Release;
		};
		BE94F0522B31E3EB00946AE6 /* Build configuration list for PBXNativeTarget "HealthyMind" */ = {
			isa = XCConfigurationList;
			buildConfigurations = (
				BE94F0532B31E3EB00946AE6 /* Debug */,
				BE94F0542B31E3EB00946AE6 /* Release */,
			);
			defaultConfigurationIsVisible = 0;
			defaultConfigurationName = Release;
		};
/* End XCConfigurationList section */

/* Begin XCVersionGroup section */
		BE94F0452B31E3E900946AE6 /* HealthyMind.xcdatamodeld */ = {
			isa = XCVersionGroup;
			children = (
				BE94F0462B31E3E900946AE6 /* HealthyMind.xcdatamodel */,
			);
			currentVersion = BE94F0462B31E3E900946AE6 /* HealthyMind.xcdatamodel */;
			path = HealthyMind.xcdatamodeld;
			sourceTree = "<group>";
			versionGroupType = wrapper.xcdatamodel;
		};
/* End XCVersionGroup section */
	};
	rootObject = BE94F0362B31E3E800946AE6 /* Project object */;
}
